
Microsoft Visual Studio Solution File, Format Version 12.00
# Visual Studio Version 17
VisualStudioVersion = 17.10.35004.147
MinimumVisualStudioVersion = 10.0.40219.1
Project("{FAE04EC0-301F-11D3-BF4B-00C04F79EFBC}") = "WebAPISample", "WebAPISample\WebAPISample.csproj", "{C262132E-442C-40A0-919D-1B88F93E1CB3}"
EndProject
Global
	GlobalSection(SolutionConfigurationPlatforms) = preSolution
		Debug|Any CPU = Debug|Any CPU
		Release|Any CPU = Release|Any CPU
	EndGlobalSection
	GlobalSection(ProjectConfigurationPlatforms) = postSolution
		{C262132E-442C-40A0-919D-1B88F93E1CB3}.Debug|Any CPU.ActiveCfg = Debug|Any CPU
		{C262132E-442C-40A0-919D-1B88F93E1CB3}.Debug|Any CPU.Build.0 = Debug|Any CPU
		{C262132E-442C-40A0-919D-1B88F93E1CB3}.Release|Any CPU.ActiveCfg = Release|Any CPU
		{C262132E-442C-40A0-919D-1B88F93E1CB3}.Release|Any CPU.Build.0 = Release|Any CPU
	EndGlobalSection
	GlobalSection(SolutionProperties) = preSolution
		HideSolutionNode = FALSE
	EndGlobalSection
	GlobalSection(ExtensibilityGlobals) = postSolution
		SolutionGuid = {4DF5B7BB-E36C-4DF5-8FAA-895B0891FEFD}
	EndGlobalSection
EndGlobal
